// !$*UTF8*$!
{
	archiveVersion = 1;
	classes = {
	};
	objectVersion = 77;
	objects = {

/* Begin PBXBuildFile section */
		CB9DF52B2ED012600026683D /* WidgetKit.framework in Frameworks */ = {isa = PBXBuildFile; fileRef = CB9DF52A2ED012600026683D /* WidgetKit.framework */; };
		CB9DF52D2ED012600026683D /* SwiftUI.framework in Frameworks */ = {isa = PBXBuildFile; fileRef = CB9DF52C2ED012600026683D /* SwiftUI.framework */; };
		CB9DF53C2ED012610026683D /* ScreenshotWidgetExtension.appex in Embed Foundation Extensions */ = {isa = PBXBuildFile; fileRef = CB9DF5282ED012600026683D /* ScreenshotWidgetExtension.appex */; settings = {ATTRIBUTES = (RemoveHeadersOnCopy, ); }; };
/* End PBXBuildFile section */

/* Begin PBXContainerItemProxy section */
		CB86829E2E7FDBBE00E07ED5 /* PBXContainerItemProxy */ = {
			isa = PBXContainerItemProxy;
			containerPortal = CB8682882E7FDBBD00E07ED5 /* Project object */;
			proxyType = 1;
			remoteGlobalIDString = CB86828F2E7FDBBD00E07ED5;
			remoteInfo = CaptureCabinet;
		};
		CB8682A82E7FDBBE00E07ED5 /* PBXContainerItemProxy */ = {
			isa = PBXContainerItemProxy;
			containerPortal = CB8682882E7FDBBD00E07ED5 /* Project object */;
			proxyType = 1;
			remoteGlobalIDString = CB86828F2E7FDBBD00E07ED5;
			remoteInfo = CaptureCabinet;
		};
		CB9DF53A2ED012610026683D /* PBXContainerItemProxy */ = {
			isa = PBXContainerItemProxy;
			containerPortal = CB8682882E7FDBBD00E07ED5 /* Project object */;
			proxyType = 1;
			remoteGlobalIDString = CB9DF5272ED012600026683D;
			remoteInfo = ScreenshotWidgetExtension;
		};
/* End PBXContainerItemProxy section */

/* Begin PBXCopyFilesBuildPhase section */
		CB9DF53D2ED012610026683D /* Embed Foundation Extensions */ = {
			isa = PBXCopyFilesBuildPhase;
			buildActionMask = 2147483647;
			dstPath = "";
			dstSubfolderSpec = 13;
			files = (
				CB9DF53C2ED012610026683D /* ScreenshotWidgetExtension.appex in Embed Foundation Extensions */,
			);
			name = "Embed Foundation Extensions";
			runOnlyForDeploymentPostprocessing = 0;
		};
/* End PBXCopyFilesBuildPhase section */

/* Begin PBXFileReference section */
		CB8682902E7FDBBD00E07ED5 /* CaptureCabinet.app */ = {isa = PBXFileReference; explicitFileType = wrapper.application; includeInIndex = 0; path = CaptureCabinet.app; sourceTree = BUILT_PRODUCTS_DIR; };
		CB86829D2E7FDBBE00E07ED5 /* CaptureCabinetTests.xctest */ = {isa = PBXFileReference; explicitFileType = wrapper.cfbundle; includeInIndex = 0; path = CaptureCabinetTests.xctest; sourceTree = BUILT_PRODUCTS_DIR; };
		CB8682A72E7FDBBE00E07ED5 /* CaptureCabinetUITests.xctest */ = {isa = PBXFileReference; explicitFileType = wrapper.cfbundle; includeInIndex = 0; path = CaptureCabinetUITests.xctest; sourceTree = BUILT_PRODUCTS_DIR; };
		CB9DF5282ED012600026683D /* ScreenshotWidgetExtension.appex */ = {isa = PBXFileReference; explicitFileType = "wrapper.app-extension"; includeInIndex = 0; path = ScreenshotWidgetExtension.appex; sourceTree = BUILT_PRODUCTS_DIR; };
		CB9DF52A2ED012600026683D /* WidgetKit.framework */ = {isa = PBXFileReference; lastKnownFileType = wrapper.framework; name = WidgetKit.framework; path = System/Library/Frameworks/WidgetKit.framework; sourceTree = SDKROOT; };
		CB9DF52C2ED012600026683D /* SwiftUI.framework */ = {isa = PBXFileReference; lastKnownFileType = wrapper.framework; name = SwiftUI.framework; path = System/Library/Frameworks/SwiftUI.framework; sourceTree = SDKROOT; };
/* End PBXFileReference section */

/* Begin PBXFileSystemSynchronizedBuildFileExceptionSet section */
		CB9DF5402ED012610026683D /* Exceptions for "ScreenshotWidget" folder in "ScreenshotWidgetExtension" target */ = {
			isa = PBXFileSystemSynchronizedBuildFileExceptionSet;
			membershipExceptions = (
				Info.plist,
			);
			target = CB9DF5272ED012600026683D /* ScreenshotWidgetExtension */;
		};
		CB9DF54B2ED02E9A0026683D /* Exceptions for "CaptureCabinet" folder in "ScreenshotWidgetExtension" target */ = {
			isa = PBXFileSystemSynchronizedBuildFileExceptionSet;
			membershipExceptions = (
				Models/SharedActivityAttributes.swift,
			);
			target = CB9DF5272ED012600026683D /* ScreenshotWidgetExtension */;
		};
/* End PBXFileSystemSynchronizedBuildFileExceptionSet section */

/* Begin PBXFileSystemSynchronizedRootGroup section */
		CB8682922E7FDBBD00E07ED5 /* CaptureCabinet */ = {
			isa = PBXFileSystemSynchronizedRootGroup;
			exceptions = (
				CB9DF54B2ED02E9A0026683D /* Exceptions for "CaptureCabinet" folder in "ScreenshotWidgetExtension" target */,
			);
			path = CaptureCabinet;
			sourceTree = "<group>";
		};
		CB8682A02E7FDBBE00E07ED5 /* CaptureCabinetTests */ = {
			isa = PBXFileSystemSynchronizedRootGroup;
			path = CaptureCabinetTests;
			sourceTree = "<group>";
		};
		CB8682AA2E7FDBBE00E07ED5 /* CaptureCabinetUITests */ = {
			isa = PBXFileSystemSynchronizedRootGroup;
			path = CaptureCabinetUITests;
			sourceTree = "<group>";
		};
		CB9DF52E2ED012600026683D /* ScreenshotWidget */ = {
			isa = PBXFileSystemSynchronizedRootGroup;
			exceptions = (
				CB9DF5402ED012610026683D /* Exceptions for "ScreenshotWidget" folder in "ScreenshotWidgetExtension" target */,
			);
			path = ScreenshotWidget;
			sourceTree = "<group>";
		};
/* End PBXFileSystemSynchronizedRootGroup section */

/* Begin PBXFrameworksBuildPhase section */
		CB86828D2E7FDBBD00E07ED5 /* Frameworks */ = {
			isa = PBXFrameworksBuildPhase;
			buildActionMask = 2147483647;
			files = (
			);
			runOnlyForDeploymentPostprocessing = 0;
		};
		CB86829A2E7FDBBE00E07ED5 /* Frameworks */ = {
			isa = PBXFrameworksBuildPhase;
			buildActionMask = 2147483647;
			files = (
			);
			runOnlyForDeploymentPostprocessing = 0;
		};
		CB8682A42E7FDBBE00E07ED5 /* Frameworks */ = {
			isa = PBXFrameworksBuildPhase;
			buildActionMask = 2147483647;
			files = (
			);
			runOnlyForDeploymentPostprocessing = 0;
		};
		CB9DF5252ED012600026683D /* Frameworks */ = {
			isa = PBXFrameworksBuildPhase;
			buildActionMask = 2147483647;
			files = (
				CB9DF52D2ED012600026683D /* SwiftUI.framework in Frameworks */,
				CB9DF52B2ED012600026683D /* WidgetKit.framework in Frameworks */,
			);
			runOnlyForDeploymentPostprocessing = 0;
		};
/* End PBXFrameworksBuildPhase section */

/* Begin PBXGroup section */
		CB8682872E7FDBBD00E07ED5 = {
			isa = PBXGroup;
			children = (
				CB8682922E7FDBBD00E07ED5 /* CaptureCabinet */,
				CB8682A02E7FDBBE00E07ED5 /* CaptureCabinetTests */,
				CB8682AA2E7FDBBE00E07ED5 /* CaptureCabinetUITests */,
				CB9DF52E2ED012600026683D /* ScreenshotWidget */,
				CB9DF5292ED012600026683D /* Frameworks */,
				CB8682912E7FDBBD00E07ED5 /* Products */,
			);
			sourceTree = "<group>";
		};
		CB8682912E7FDBBD00E07ED5 /* Products */ = {
			isa = PBXGroup;
			children = (
				CB8682902E7FDBBD00E07ED5 /* CaptureCabinet.app */,
				CB86829D2E7FDBBE00E07ED5 /* CaptureCabinetTests.xctest */,
				CB8682A72E7FDBBE00E07ED5 /* CaptureCabinetUITests.xctest */,
				CB9DF5282ED012600026683D /* ScreenshotWidgetExtension.appex */,
			);
			name = Products;
			sourceTree = "<group>";
		};
		CB9DF5292ED012600026683D /* Frameworks */ = {
			isa = PBXGroup;
			children = (
				CB9DF52A2ED012600026683D /* WidgetKit.framework */,
				CB9DF52C2ED012600026683D /* SwiftUI.framework */,
			);
			name = Frameworks;
			sourceTree = "<group>";
		};
/* End PBXGroup section */

/* Begin PBXNativeTarget section */
		CB86828F2E7FDBBD00E07ED5 /* CaptureCabinet */ = {
			isa = PBXNativeTarget;
			buildConfigurationList = CB8682B12E7FDBBE00E07ED5 /* Build configuration list for PBXNativeTarget "CaptureCabinet" */;
			buildPhases = (
				CB86828C2E7FDBBD00E07ED5 /* Sources */,
				CB86828D2E7FDBBD00E07ED5 /* Frameworks */,
				CB86828E2E7FDBBD00E07ED5 /* Resources */,
				CB9DF53D2ED012610026683D /* Embed Foundation Extensions */,
			);
			buildRules = (
			);
			dependencies = (
				CB9DF53B2ED012610026683D /* PBXTargetDependency */,
			);
			fileSystemSynchronizedGroups = (
				CB8682922E7FDBBD00E07ED5 /* CaptureCabinet */,
			);
			name = CaptureCabinet;
			packageProductDependencies = (
			);
			productName = CaptureCabinet;
			productReference = CB8682902E7FDBBD00E07ED5 /* CaptureCabinet.app */;
			productType = "com.apple.product-type.application";
		};
		CB86829C2E7FDBBE00E07ED5 /* CaptureCabinetTests */ = {
			isa = PBXNativeTarget;
			buildConfigurationList = CB8682B42E7FDBBE00E07ED5 /* Build configuration list for PBXNativeTarget "CaptureCabinetTests" */;
			buildPhases = (
				CB8682992E7FDBBE00E07ED5 /* Sources */,
				CB86829A2E7FDBBE00E07ED5 /* Frameworks */,
				CB86829B2E7FDBBE00E07ED5 /* Resources */,
			);
			buildRules = (
			);
			dependencies = (
				CB86829F2E7FDBBE00E07ED5 /* PBXTargetDependency */,
			);
			fileSystemSynchronizedGroups = (
				CB8682A02E7FDBBE00E07ED5 /* CaptureCabinetTests */,
			);
			name = CaptureCabinetTests;
			packageProductDependencies = (
			);
			productName = CaptureCabinetTests;
			productReference = CB86829D2E7FDBBE00E07ED5 /* CaptureCabinetTests.xctest */;
			productType = "com.apple.product-type.bundle.unit-test";
		};
		CB8682A62E7FDBBE00E07ED5 /* CaptureCabinetUITests */ = {
			isa = PBXNativeTarget;
			buildConfigurationList = CB8682B72E7FDBBE00E07ED5 /* Build configuration list for PBXNativeTarget "CaptureCabinetUITests" */;
			buildPhases = (
				CB8682A32E7FDBBE00E07ED5 /* Sources */,
				CB8682A42E7FDBBE00E07ED5 /* Frameworks */,
				CB8682A52E7FDBBE00E07ED5 /* Resources */,
			);
			buildRules = (
			);
			dependencies = (
				CB8682A92E7FDBBE00E07ED5 /* PBXTargetDependency */,
			);
			fileSystemSynchronizedGroups = (
				CB8682AA2E7FDBBE00E07ED5 /* CaptureCabinetUITests */,
			);
			name = CaptureCabinetUITests;
			packageProductDependencies = (
			);
			productName = CaptureCabinetUITests;
			productReference = CB8682A72E7FDBBE00E07ED5 /* CaptureCabinetUITests.xctest */;
			productType = "com.apple.product-type.bundle.ui-testing";
		};
		CB9DF5272ED012600026683D /* ScreenshotWidgetExtension */ = {
			isa = PBXNativeTarget;
			buildConfigurationList = CB9DF5412ED012610026683D /* Build configuration list for PBXNativeTarget "ScreenshotWidgetExtension" */;
			buildPhases = (
				CB9DF5242ED012600026683D /* Sources */,
				CB9DF5252ED012600026683D /* Frameworks */,
				CB9DF5262ED012600026683D /* Resources */,
			);
			buildRules = (
			);
			dependencies = (
			);
			fileSystemSynchronizedGroups = (
				CB9DF52E2ED012600026683D /* ScreenshotWidget */,
			);
			name = ScreenshotWidgetExtension;
			packageProductDependencies = (
			);
			productName = ScreenshotWidgetExtension;
			productReference = CB9DF5282ED012600026683D /* ScreenshotWidgetExtension.appex */;
			productType = "com.apple.product-type.app-extension";
		};
/* End PBXNativeTarget section */

/* Begin PBXProject section */
		CB8682882E7FDBBD00E07ED5 /* Project object */ = {
			isa = PBXProject;
			attributes = {
				BuildIndependentTargetsInParallel = 1;
				LastSwiftUpdateCheck = 2610;
				LastUpgradeCheck = 2610;
				TargetAttributes = {
					CB86828F2E7FDBBD00E07ED5 = {
						CreatedOnToolsVersion = 26.0;
					};
					CB86829C2E7FDBBE00E07ED5 = {
						CreatedOnToolsVersion = 26.0;
						TestTargetID = CB86828F2E7FDBBD00E07ED5;
					};
					CB8682A62E7FDBBE00E07ED5 = {
						CreatedOnToolsVersion = 26.0;
						TestTargetID = CB86828F2E7FDBBD00E07ED5;
					};
					CB9DF5272ED012600026683D = {
						CreatedOnToolsVersion = 26.1;
					};
				};
			};
			buildConfigurationList = CB86828B2E7FDBBD00E07ED5 /* Build configuration list for PBXProject "CaptureCabinet" */;
			developmentRegion = en;
			hasScannedForEncodings = 0;
			knownRegions = (
				en,
				Base,
			);
			mainGroup = CB8682872E7FDBBD00E07ED5;
			minimizedProjectReferenceProxies = 1;
			preferredProjectObjectVersion = 77;
			productRefGroup = CB8682912E7FDBBD00E07ED5 /* Products */;
			projectDirPath = "";
			projectRoot = "";
			targets = (
				CB86828F2E7FDBBD00E07ED5 /* CaptureCabinet */,
				CB86829C2E7FDBBE00E07ED5 /* CaptureCabinetTests */,
				CB8682A62E7FDBBE00E07ED5 /* CaptureCabinetUITests */,
				CB9DF5272ED012600026683D /* ScreenshotWidgetExtension */,
			);
		};
/* End PBXProject section */

/* Begin PBXResourcesBuildPhase section */
		CB86828E2E7FDBBD00E07ED5 /* Resources */ = {
			isa = PBXResourcesBuildPhase;
			buildActionMask = 2147483647;
			files = (
			);
			runOnlyForDeploymentPostprocessing = 0;
		};
		CB86829B2E7FDBBE00E07ED5 /* Resources */ = {
			isa = PBXResourcesBuildPhase;
			buildActionMask = 2147483647;
			files = (
			);
			runOnlyForDeploymentPostprocessing = 0;
		};
		CB8682A52E7FDBBE00E07ED5 /* Resources */ = {
			isa = PBXResourcesBuildPhase;
			buildActionMask = 2147483647;
			files = (
			);
			runOnlyForDeploymentPostprocessing = 0;
		};
		CB9DF5262ED012600026683D /* Resources */ = {
			isa = PBXResourcesBuildPhase;
			buildActionMask = 2147483647;
			files = (
			);
			runOnlyForDeploymentPostprocessing = 0;
		};
/* End PBXResourcesBuildPhase section */

/* Begin PBXSourcesBuildPhase section */
		CB86828C2E7FDBBD00E07ED5 /* Sources */ = {
			isa = PBXSourcesBuildPhase;
			buildActionMask = 2147483647;
			files = (
			);
			runOnlyForDeploymentPostprocessing = 0;
		};
		CB8682992E7FDBBE00E07ED5 /* Sources */ = {
			isa = PBXSourcesBuildPhase;
			buildActionMask = 2147483647;
			files = (
			);
			runOnlyForDeploymentPostprocessing = 0;
		};
		CB8682A32E7FDBBE00E07ED5 /* Sources */ = {
			isa = PBXSourcesBuildPhase;
			buildActionMask = 2147483647;
			files = (
			);
			runOnlyForDeploymentPostprocessing = 0;
		};
		CB9DF5242ED012600026683D /* Sources */ = {
			isa = PBXSourcesBuildPhase;
			buildActionMask = 2147483647;
			files = (
			);
			runOnlyForDeploymentPostprocessing = 0;
		};
/* End PBXSourcesBuildPhase section */

/* Begin PBXTargetDependency section */
		CB86829F2E7FDBBE00E07ED5 /* PBXTargetDependency */ = {
			isa = PBXTargetDependency;
			target = CB86828F2E7FDBBD00E07ED5 /* CaptureCabinet */;
			targetProxy = CB86829E2E7FDBBE00E07ED5 /* PBXContainerItemProxy */;
		};
		CB8682A92E7FDBBE00E07ED5 /* PBXTargetDependency */ = {
			isa = PBXTargetDependency;
			target = CB86828F2E7FDBBD00E07ED5 /* CaptureCabinet */;
			targetProxy = CB8682A82E7FDBBE00E07ED5 /* PBXContainerItemProxy */;
		};
		CB9DF53B2ED012610026683D /* PBXTargetDependency */ = {
			isa = PBXTargetDependency;
			target = CB9DF5272ED012600026683D /* ScreenshotWidgetExtension */;
			targetProxy = CB9DF53A2ED012610026683D /* PBXContainerItemProxy */;
		};
/* End PBXTargetDependency section */

/* Begin XCBuildConfiguration section */
		CB8682AF2E7FDBBE00E07ED5 /* Debug */ = {
			isa = XCBuildConfiguration;
			buildSettings = {
				ALWAYS_SEARCH_USER_PATHS = NO;
				ASSETCATALOG_COMPILER_GENERATE_SWIFT_ASSET_SYMBOL_EXTENSIONS = YES;
				CLANG_ANALYZER_NONNULL = YES;
				CLANG_ANALYZER_NUMBER_OBJECT_CONVERSION = YES_AGGRESSIVE;
				CLANG_CXX_LANGUAGE_STANDARD = "gnu++20";
				CLANG_ENABLE_MODULES = YES;
				CLANG_ENABLE_OBJC_ARC = YES;
				CLANG_ENABLE_OBJC_WEAK = YES;
				CLANG_WARN_BLOCK_CAPTURE_AUTORELEASING = YES;
				CLANG_WARN_BOOL_CONVERSION = YES;
				CLANG_WARN_COMMA = YES;
				CLANG_WARN_CONSTANT_CONVERSION = YES;
				CLANG_WARN_DEPRECATED_OBJC_IMPLEMENTATIONS = YES;
				CLANG_WARN_DIRECT_OBJC_ISA_USAGE = YES_ERROR;
				CLANG_WARN_DOCUMENTATION_COMMENTS = YES;
				CLANG_WARN_EMPTY_BODY = YES;
				CLANG_WARN_ENUM_CONVERSION = YES;
				CLANG_WARN_INFINITE_RECURSION = YES;
				CLANG_WARN_INT_CONVERSION = YES;
				CLANG_WARN_NON_LITERAL_NULL_CONVERSION = YES;
				CLANG_WARN_OBJC_IMPLICIT_RETAIN_SELF = YES;
				CLANG_WARN_OBJC_LITERAL_CONVERSION = YES;
				CLANG_WARN_OBJC_ROOT_CLASS = YES_ERROR;
				CLANG_WARN_QUOTED_INCLUDE_IN_FRAMEWORK_HEADER = YES;
				CLANG_WARN_RANGE_LOOP_ANALYSIS = YES;
				CLANG_WARN_STRICT_PROTOTYPES = YES;
				CLANG_WARN_SUSPICIOUS_MOVE = YES;
				CLANG_WARN_UNGUARDED_AVAILABILITY = YES_AGGRESSIVE;
				CLANG_WARN_UNREACHABLE_CODE = YES;
				CLANG_WARN__DUPLICATE_METHOD_MATCH = YES;
				COPY_PHASE_STRIP = NO;
				DEBUG_INFORMATION_FORMAT = dwarf;
				DEVELOPMENT_TEAM = 8LN2TLGS5G;
				ENABLE_STRICT_OBJC_MSGSEND = YES;
				ENABLE_TESTABILITY = YES;
				ENABLE_USER_SCRIPT_SANDBOXING = YES;
				GCC_C_LANGUAGE_STANDARD = gnu17;
				GCC_DYNAMIC_NO_PIC = NO;
				GCC_NO_COMMON_BLOCKS = YES;
				GCC_OPTIMIZATION_LEVEL = 0;
				GCC_PREPROCESSOR_DEFINITIONS = (
					"DEBUG=1",
					"$(inherited)",
				);
				GCC_WARN_64_TO_32_BIT_CONVERSION = YES;
				GCC_WARN_ABOUT_RETURN_TYPE = YES_ERROR;
				GCC_WARN_UNDECLARED_SELECTOR = YES;
				GCC_WARN_UNINITIALIZED_AUTOS = YES_AGGRESSIVE;
				GCC_WARN_UNUSED_FUNCTION = YES;
				GCC_WARN_UNUSED_VARIABLE = YES;
				IPHONEOS_DEPLOYMENT_TARGET = 18.5;
				LOCALIZATION_PREFERS_STRING_CATALOGS = YES;
				MTL_ENABLE_DEBUG_INFO = INCLUDE_SOURCE;
				MTL_FAST_MATH = YES;
				ONLY_ACTIVE_ARCH = YES;
				SDKROOT = iphoneos;
				STRING_CATALOG_GENERATE_SYMBOLS = YES;
				SWIFT_ACTIVE_COMPILATION_CONDITIONS = "DEBUG $(inherited)";
				SWIFT_OPTIMIZATION_LEVEL = "-Onone";
			};
			name = Debug;
		};
		CB8682B02E7FDBBE00E07ED5 /* Release */ = {
			isa = XCBuildConfiguration;
			buildSettings = {
				ALWAYS_SEARCH_USER_PATHS = NO;
				ASSETCATALOG_COMPILER_GENERATE_SWIFT_ASSET_SYMBOL_EXTENSIONS = YES;
				CLANG_ANALYZER_NONNULL = YES;
				CLANG_ANALYZER_NUMBER_OBJECT_CONVERSION = YES_AGGRESSIVE;
				CLANG_CXX_LANGUAGE_STANDARD = "gnu++20";
				CLANG_ENABLE_MODULES = YES;
				CLANG_ENABLE_OBJC_ARC = YES;
				CLANG_ENABLE_OBJC_WEAK = YES;
				CLANG_WARN_BLOCK_CAPTURE_AUTORELEASING = YES;
				CLANG_WARN_BOOL_CONVERSION = YES;
				CLANG_WARN_COMMA = YES;
				CLANG_WARN_CONSTANT_CONVERSION = YES;
				CLANG_WARN_DEPRECATED_OBJC_IMPLEMENTATIONS = YES;
				CLANG_WARN_DIRECT_OBJC_ISA_USAGE = YES_ERROR;
				CLANG_WARN_DOCUMENTATION_COMMENTS = YES;
				CLANG_WARN_EMPTY_BODY = YES;
				CLANG_WARN_ENUM_CONVERSION = YES;
				CLANG_WARN_INFINITE_RECURSION = YES;
				CLANG_WARN_INT_CONVERSION = YES;
				CLANG_WARN_NON_LITERAL_NULL_CONVERSION = YES;
				CLANG_WARN_OBJC_IMPLICIT_RETAIN_SELF = YES;
				CLANG_WARN_OBJC_LITERAL_CONVERSION = YES;
				CLANG_WARN_OBJC_ROOT_CLASS = YES_ERROR;
				CLANG_WARN_QUOTED_INCLUDE_IN_FRAMEWORK_HEADER = YES;
				CLANG_WARN_RANGE_LOOP_ANALYSIS = YES;
				CLANG_WARN_STRICT_PROTOTYPES = YES;
				CLANG_WARN_SUSPICIOUS_MOVE = YES;
				CLANG_WARN_UNGUARDED_AVAILABILITY = YES_AGGRESSIVE;
				CLANG_WARN_UNREACHABLE_CODE = YES;
				CLANG_WARN__DUPLICATE_METHOD_MATCH = YES;
				COPY_PHASE_STRIP = NO;
				DEBUG_INFORMATION_FORMAT = "dwarf-with-dsym";
				DEVELOPMENT_TEAM = 8LN2TLGS5G;
				ENABLE_NS_ASSERTIONS = NO;
				ENABLE_STRICT_OBJC_MSGSEND = YES;
				ENABLE_USER_SCRIPT_SANDBOXING = YES;
				GCC_C_LANGUAGE_STANDARD = gnu17;
				GCC_NO_COMMON_BLOCKS = YES;
				GCC_WARN_64_TO_32_BIT_CONVERSION = YES;
				GCC_WARN_ABOUT_RETURN_TYPE = YES_ERROR;
				GCC_WARN_UNDECLARED_SELECTOR = YES;
				GCC_WARN_UNINITIALIZED_AUTOS = YES_AGGRESSIVE;
				GCC_WARN_UNUSED_FUNCTION = YES;
				GCC_WARN_UNUSED_VARIABLE = YES;
				IPHONEOS_DEPLOYMENT_TARGET = 18.5;
				LOCALIZATION_PREFERS_STRING_CATALOGS = YES;
				MTL_ENABLE_DEBUG_INFO = NO;
				MTL_FAST_MATH = YES;
				SDKROOT = iphoneos;
				STRING_CATALOG_GENERATE_SYMBOLS = YES;
				SWIFT_COMPILATION_MODE = wholemodule;
				VALIDATE_PRODUCT = YES;
			};
			name = Release;
		};
		CB8682B22E7FDBBE00E07ED5 /* Debug */ = {
			isa = XCBuildConfiguration;
			buildSettings = {
				ASSETCATALOG_COMPILER_APPICON_NAME = AppIcon;
				ASSETCATALOG_COMPILER_GLOBAL_ACCENT_COLOR_NAME = AccentColor;
				CODE_SIGN_ENTITLEMENTS = CaptureCabinet/CaptureCabinet.entitlements;
				CODE_SIGN_STYLE = Automatic;
				CURRENT_PROJECT_VERSION = 1;
				DEVELOPMENT_TEAM = 8LN2TLGS5G;
				ENABLE_PREVIEWS = YES;
				GENERATE_INFOPLIST_FILE = YES;
				INFOPLIST_KEY_NSPhotoLibraryUsageDescription = "최근 스크린샷을 불러오기 위한 권한이 필요합니다";
				INFOPLIST_KEY_NSSupportsLiveActivities = YES;
				INFOPLIST_KEY_UIApplicationSceneManifest_Generation = YES;
				INFOPLIST_KEY_UIApplicationSupportsIndirectInputEvents = YES;
				INFOPLIST_KEY_UILaunchScreen_Generation = YES;
				INFOPLIST_KEY_UISupportedInterfaceOrientations_iPad = "UIInterfaceOrientationPortrait UIInterfaceOrientationPortraitUpsideDown UIInterfaceOrientationLandscapeLeft UIInterfaceOrientationLandscapeRight";
				INFOPLIST_KEY_UISupportedInterfaceOrientations_iPhone = "UIInterfaceOrientationPortrait UIInterfaceOrientationLandscapeLeft UIInterfaceOrientationLandscapeRight";
				LD_RUNPATH_SEARCH_PATHS = (
					"$(inherited)",
					"@executable_path/Frameworks",
				);
				MARKETING_VERSION = 1.0;
				PRODUCT_BUNDLE_IDENTIFIER = studio.sayuz.CaptureCabinet;
				PRODUCT_NAME = "$(TARGET_NAME)";
				STRING_CATALOG_GENERATE_SYMBOLS = YES;
				SWIFT_APPROACHABLE_CONCURRENCY = YES;
				SWIFT_DEFAULT_ACTOR_ISOLATION = MainActor;
				SWIFT_EMIT_LOC_STRINGS = YES;
				SWIFT_UPCOMING_FEATURE_MEMBER_IMPORT_VISIBILITY = YES;
				SWIFT_VERSION = 5.0;
				TARGETED_DEVICE_FAMILY = "1,2";
			};
			name = Debug;
		};
		CB8682B32E7FDBBE00E07ED5 /* Release */ = {
			isa = XCBuildConfiguration;
			buildSettings = {
				ASSETCATALOG_COMPILER_APPICON_NAME = AppIcon;
				ASSETCATALOG_COMPILER_GLOBAL_ACCENT_COLOR_NAME = AccentColor;
				CODE_SIGN_ENTITLEMENTS = CaptureCabinet/CaptureCabinet.entitlements;
				CODE_SIGN_STYLE = Automatic;
				CURRENT_PROJECT_VERSION = 1;
				DEVELOPMENT_TEAM = 8LN2TLGS5G;
				ENABLE_PREVIEWS = YES;
				GENERATE_INFOPLIST_FILE = YES;
				INFOPLIST_KEY_NSPhotoLibraryUsageDescription = "최근 스크린샷을 불러오기 위한 권한이 필요합니다";
				INFOPLIST_KEY_NSSupportsLiveActivities = YES;
				INFOPLIST_KEY_UIApplicationSceneManifest_Generation = YES;
				INFOPLIST_KEY_UIApplicationSupportsIndirectInputEvents = YES;
				INFOPLIST_KEY_UILaunchScreen_Generation = YES;
				INFOPLIST_KEY_UISupportedInterfaceOrientations_iPad = "UIInterfaceOrientationPortrait UIInterfaceOrientationPortraitUpsideDown UIInterfaceOrientationLandscapeLeft UIInterfaceOrientationLandscapeRight";
				INFOPLIST_KEY_UISupportedInterfaceOrientations_iPhone = "UIInterfaceOrientationPortrait UIInterfaceOrientationLandscapeLeft UIInterfaceOrientationLandscapeRight";
				LD_RUNPATH_SEARCH_PATHS = (
					"$(inherited)",
					"@executable_path/Frameworks",
				);
				MARKETING_VERSION = 1.0;
				PRODUCT_BUNDLE_IDENTIFIER = studio.sayuz.CaptureCabinet;
				PRODUCT_NAME = "$(TARGET_NAME)";
				STRING_CATALOG_GENERATE_SYMBOLS = YES;
				SWIFT_APPROACHABLE_CONCURRENCY = YES;
				SWIFT_DEFAULT_ACTOR_ISOLATION = MainActor;
				SWIFT_EMIT_LOC_STRINGS = YES;
				SWIFT_UPCOMING_FEATURE_MEMBER_IMPORT_VISIBILITY = YES;
				SWIFT_VERSION = 5.0;
				TARGETED_DEVICE_FAMILY = "1,2";
			};
			name = Release;
		};
		CB8682B52E7FDBBE00E07ED5 /* Debug */ = {
			isa = XCBuildConfiguration;
			buildSettings = {
				BUNDLE_LOADER = "$(TEST_HOST)";
				CODE_SIGN_STYLE = Automatic;
				CURRENT_PROJECT_VERSION = 1;
				DEVELOPMENT_TEAM = 8LN2TLGS5G;
				GENERATE_INFOPLIST_FILE = YES;
				IPHONEOS_DEPLOYMENT_TARGET = 18.5;
				MARKETING_VERSION = 1.0;
				PRODUCT_BUNDLE_IDENTIFIER = studio.sayuz.CaptureCabinetTests;
				PRODUCT_NAME = "$(TARGET_NAME)";
				STRING_CATALOG_GENERATE_SYMBOLS = NO;
				SWIFT_APPROACHABLE_CONCURRENCY = YES;
				SWIFT_EMIT_LOC_STRINGS = NO;
				SWIFT_UPCOMING_FEATURE_MEMBER_IMPORT_VISIBILITY = YES;
				SWIFT_VERSION = 5.0;
				TARGETED_DEVICE_FAMILY = "1,2";
				TEST_HOST = "$(BUILT_PRODUCTS_DIR)/CaptureCabinet.app/$(BUNDLE_EXECUTABLE_FOLDER_PATH)/CaptureCabinet";
			};
			name = Debug;
		};
		CB8682B62E7FDBBE00E07ED5 /* Release */ = {
			isa = XCBuildConfiguration;
			buildSettings = {
				BUNDLE_LOADER = "$(TEST_HOST)";
				CODE_SIGN_STYLE = Automatic;
				CURRENT_PROJECT_VERSION = 1;
				DEVELOPMENT_TEAM = 8LN2TLGS5G;
				GENERATE_INFOPLIST_FILE = YES;
				IPHONEOS_DEPLOYMENT_TARGET = 18.5;
				MARKETING_VERSION = 1.0;
				PRODUCT_BUNDLE_IDENTIFIER = studio.sayuz.CaptureCabinetTests;
				PRODUCT_NAME = "$(TARGET_NAME)";
				STRING_CATALOG_GENERATE_SYMBOLS = NO;
				SWIFT_APPROACHABLE_CONCURRENCY = YES;
				SWIFT_EMIT_LOC_STRINGS = NO;
				SWIFT_UPCOMING_FEATURE_MEMBER_IMPORT_VISIBILITY = YES;
				SWIFT_VERSION = 5.0;
				TARGETED_DEVICE_FAMILY = "1,2";
				TEST_HOST = "$(BUILT_PRODUCTS_DIR)/CaptureCabinet.app/$(BUNDLE_EXECUTABLE_FOLDER_PATH)/CaptureCabinet";
			};
			name = Release;
		};
		CB8682B82E7FDBBE00E07ED5 /* Debug */ = {
			isa = XCBuildConfiguration;
			buildSettings = {
				CODE_SIGN_STYLE = Automatic;
				CURRENT_PROJECT_VERSION = 1;
				DEVELOPMENT_TEAM = 8LN2TLGS5G;
				GENERATE_INFOPLIST_FILE = YES;
				MARKETING_VERSION = 1.0;
				PRODUCT_BUNDLE_IDENTIFIER = studio.sayuz.CaptureCabinetUITests;
				PRODUCT_NAME = "$(TARGET_NAME)";
				STRING_CATALOG_GENERATE_SYMBOLS = NO;
				SWIFT_APPROACHABLE_CONCURRENCY = YES;
				SWIFT_EMIT_LOC_STRINGS = NO;
				SWIFT_UPCOMING_FEATURE_MEMBER_IMPORT_VISIBILITY = YES;
				SWIFT_VERSION = 5.0;
				TARGETED_DEVICE_FAMILY = "1,2";
				TEST_TARGET_NAME = CaptureCabinet;
			};
			name = Debug;
		};
		CB8682B92E7FDBBE00E07ED5 /* Release */ = {
			isa = XCBuildConfiguration;
			buildSettings = {
				CODE_SIGN_STYLE = Automatic;
				CURRENT_PROJECT_VERSION = 1;
				DEVELOPMENT_TEAM = 8LN2TLGS5G;
				GENERATE_INFOPLIST_FILE = YES;
				MARKETING_VERSION = 1.0;
				PRODUCT_BUNDLE_IDENTIFIER = studio.sayuz.CaptureCabinetUITests;
				PRODUCT_NAME = "$(TARGET_NAME)";
				STRING_CATALOG_GENERATE_SYMBOLS = NO;
				SWIFT_APPROACHABLE_CONCURRENCY = YES;
				SWIFT_EMIT_LOC_STRINGS = NO;
				SWIFT_UPCOMING_FEATURE_MEMBER_IMPORT_VISIBILITY = YES;
				SWIFT_VERSION = 5.0;
				TARGETED_DEVICE_FAMILY = "1,2";
				TEST_TARGET_NAME = CaptureCabinet;
			};
			name = Release;
		};
		CB9DF53E2ED012610026683D /* Debug */ = {
			isa = XCBuildConfiguration;
			buildSettings = {
				ASSETCATALOG_COMPILER_GLOBAL_ACCENT_COLOR_NAME = AccentColor;
				ASSETCATALOG_COMPILER_WIDGET_BACKGROUND_COLOR_NAME = WidgetBackground;
				CODE_SIGN_STYLE = Automatic;
				CURRENT_PROJECT_VERSION = 1;
				DEVELOPMENT_TEAM = 8LN2TLGS5G;
				GENERATE_INFOPLIST_FILE = YES;
				INFOPLIST_FILE = ScreenshotWidget/Info.plist;
				INFOPLIST_KEY_CFBundleDisplayName = ScreenshotWidget;
				INFOPLIST_KEY_NSHumanReadableCopyright = "";
				IPHONEOS_DEPLOYMENT_TARGET = 26.1;
				LD_RUNPATH_SEARCH_PATHS = (
					"$(inherited)",
					"@executable_path/Frameworks",
					"@executable_path/../../Frameworks",
				);
				MARKETING_VERSION = 1.0;
				PRODUCT_BUNDLE_IDENTIFIER = studio.sayuz.CaptureCabinet.ScreenshotWidget;
				PRODUCT_NAME = "$(TARGET_NAME)";
				SKIP_INSTALL = YES;
				STRING_CATALOG_GENERATE_SYMBOLS = YES;
				SWIFT_APPROACHABLE_CONCURRENCY = YES;
				SWIFT_EMIT_LOC_STRINGS = YES;
				SWIFT_UPCOMING_FEATURE_MEMBER_IMPORT_VISIBILITY = YES;
				SWIFT_VERSION = 5.0;
				TARGETED_DEVICE_FAMILY = "1,2";
			};
			name = Debug;
		};
		CB9DF53F2ED012610026683D /* Release */ = {
			isa = XCBuildConfiguration;
			buildSettings = {
				ASSETCATALOG_COMPILER_GLOBAL_ACCENT_COLOR_NAME = AccentColor;
				ASSETCATALOG_COMPILER_WIDGET_BACKGROUND_COLOR_NAME = WidgetBackground;
				CODE_SIGN_STYLE = Automatic;
				CURRENT_PROJECT_VERSION = 1;
				DEVELOPMENT_TEAM = 8LN2TLGS5G;
				GENERATE_INFOPLIST_FILE = YES;
				INFOPLIST_FILE = ScreenshotWidget/Info.plist;
				INFOPLIST_KEY_CFBundleDisplayName = ScreenshotWidget;
				INFOPLIST_KEY_NSHumanReadableCopyright = "";
				IPHONEOS_DEPLOYMENT_TARGET = 26.1;
				LD_RUNPATH_SEARCH_PATHS = (
					"$(inherited)",
					"@executable_path/Frameworks",
					"@executable_path/../../Frameworks",
				);
				MARKETING_VERSION = 1.0;
				PRODUCT_BUNDLE_IDENTIFIER = studio.sayuz.CaptureCabinet.ScreenshotWidget;
				PRODUCT_NAME = "$(TARGET_NAME)";
				SKIP_INSTALL = YES;
				STRING_CATALOG_GENERATE_SYMBOLS = YES;
				SWIFT_APPROACHABLE_CONCURRENCY = YES;
				SWIFT_EMIT_LOC_STRINGS = YES;
				SWIFT_UPCOMING_FEATURE_MEMBER_IMPORT_VISIBILITY = YES;
				SWIFT_VERSION = 5.0;
				TARGETED_DEVICE_FAMILY = "1,2";
			};
			name = Release;
		};
/* End XCBuildConfiguration section */

/* Begin XCConfigurationList section */
		CB86828B2E7FDBBD00E07ED5 /* Build configuration list for PBXProject "CaptureCabinet" */ = {
			isa = XCConfigurationList;
			buildConfigurations = (
				CB8682AF2E7FDBBE00E07ED5 /* Debug */,
				CB8682B02E7FDBBE00E07ED5 /* Release */,
			);
			defaultConfigurationIsVisible = 0;
			defaultConfigurationName = Release;
		};
		CB8682B12E7FDBBE00E07ED5 /* Build configuration list for PBXNativeTarget "CaptureCabinet" */ = {
			isa = XCConfigurationList;
			buildConfigurations = (
				CB8682B22E7FDBBE00E07ED5 /* Debug */,
				CB8682B32E7FDBBE00E07ED5 /* Release */,
			);
			defaultConfigurationIsVisible = 0;
			defaultConfigurationName = Release;
		};
		CB8682B42E7FDBBE00E07ED5 /* Build configuration list for PBXNativeTarget "CaptureCabinetTests" */ = {
			isa = XCConfigurationList;
			buildConfigurations = (
				CB8682B52E7FDBBE00E07ED5 /* Debug */,
				CB8682B62E7FDBBE00E07ED5 /* Release */,
			);
			defaultConfigurationIsVisible = 0;
			defaultConfigurationName = Release;
		};
		CB8682B72E7FDBBE00E07ED5 /* Build configuration list for PBXNativeTarget "CaptureCabinetUITests" */ = {
			isa = XCConfigurationList;
			buildConfigurations = (
				CB8682B82E7FDBBE00E07ED5 /* Debug */,
				CB8682B92E7FDBBE00E07ED5 /* Release */,
			);
			defaultConfigurationIsVisible = 0;
			defaultConfigurationName = Release;
		};
		CB9DF5412ED012610026683D /* Build configuration list for PBXNativeTarget "ScreenshotWidgetExtension" */ = {
			isa = XCConfigurationList;
			buildConfigurations = (
				CB9DF53E2ED012610026683D /* Debug */,
				CB9DF53F2ED012610026683D /* Release */,
			);
			defaultConfigurationIsVisible = 0;
			defaultConfigurationName = Release;
		};
/* End XCConfigurationList section */
	};
	rootObject = CB8682882E7FDBBD00E07ED5 /* Project object */;
}
